
Microsoft Visual Studio Solution File, Format Version 12.00
# Visual Studio Version 17
VisualStudioVersion = 17.0.31903.59
MinimumVisualStudioVersion = 10.0.40219.1
Project("{2150E333-8FDC-42A3-9474-1A3956D46DE8}") = "src", "src", "{E8A19087-9E70-406F-B592-885D857B5EB5}"
EndProject
Project("{FAE04EC0-301F-11D3-BF4B-00C04F79EFBC}") = "Trs.BuildingBlocks", "src\TRS.BuildingBlocks\Trs.BuildingBlocks.csproj", "{A283A1F1-55F5-475B-800D-10D177F12D87}"
EndProject
Project("{2150E333-8FDC-42A3-9474-1A3956D46DE8}") = "TRS.Kernel", "TRS.Kernel", "{418C5B7C-9075-415B-884E-F28DC48A1641}"
EndProject
Project("{FAE04EC0-301F-11D3-BF4B-00C04F79EFBC}") = "Trs.Kernel.Tenancy", "src\TRS.Kernel\Tenancy\Trs.Kernel.Tenancy.csproj", "{32DD2A31-8FE4-4EAA-A150-D7A59430479B}"
EndProject
Project("{FAE04EC0-301F-11D3-BF4B-00C04F79EFBC}") = "Trs.Kernel.Identity", "src\TRS.Kernel\Identity\Trs.Kernel.Identity.csproj", "{FB825561-297F-4EF8-85AC-D2B1D715DD39}"
EndProject
Project("{FAE04EC0-301F-11D3-BF4B-00C04F79EFBC}") = "Trs.Kernel.Audit", "src\TRS.Kernel\Audit\Trs.Kernel.Audit.csproj", "{51BE5566-B58F-41C3-8377-405C0E4AE056}"
EndProject
Project("{2150E333-8FDC-42A3-9474-1A3956D46DE8}") = "TRS.Infrastructure", "TRS.Infrastructure", "{E87D4107-349D-4871-9822-D7513F322B45}"
EndProject
Project("{2150E333-8FDC-42A3-9474-1A3956D46DE8}") = "Database", "Database", "{C8BCD188-E07B-4E67-A919-7B6117E8059F}"
EndProject
Project("{FAE04EC0-301F-11D3-BF4B-00C04F79EFBC}") = "Trs.Infrastructure.Database.PostgreSQL", "src\TRS.Infrastructure\Database\PostgreSQL\Trs.Infrastructure.Database.PostgreSQL.csproj", "{147476DD-DAFC-4840-90F7-A730C2B2406C}"
EndProject
Project("{FAE04EC0-301F-11D3-BF4B-00C04F79EFBC}") = "Trs.Infrastructure.Database.SqlServer", "src\TRS.Infrastructure\Database\SqlServer\Trs.Infrastructure.Database.SqlServer.csproj", "{19FE5EF0-D72B-4ECD-8E93-4C6C61C3B723}"
EndProject
Project("{FAE04EC0-301F-11D3-BF4B-00C04F79EFBC}") = "Trs.ApplicationHost", "src\TRS.ApplicationHost\Trs.ApplicationHost.csproj", "{3F6D271B-6F07-4508-9089-FFD4E76E49D0}"
EndProject
Project("{FAE04EC0-301F-11D3-BF4B-00C04F79EFBC}") = "Trs.DatabaseMigrator", "src\TRS.DatabaseMigrator\Trs.DatabaseMigrator.csproj", "{5110938B-497C-4020-BDC9-06C4E1810714}"
EndProject
Global
	GlobalSection(SolutionConfigurationPlatforms) = preSolution
		Debug|Any CPU = Debug|Any CPU
		Release|Any CPU = Release|Any CPU
	EndGlobalSection
	GlobalSection(SolutionProperties) = preSolution
		HideSolutionNode = FALSE
	EndGlobalSection
	GlobalSection(ProjectConfigurationPlatforms) = postSolution
		{A283A1F1-55F5-475B-800D-10D177F12D87}.Debug|Any CPU.ActiveCfg = Debug|Any CPU
		{A283A1F1-55F5-475B-800D-10D177F12D87}.Debug|Any CPU.Build.0 = Debug|Any CPU
		{A283A1F1-55F5-475B-800D-10D177F12D87}.Release|Any CPU.ActiveCfg = Release|Any CPU
		{A283A1F1-55F5-475B-800D-10D177F12D87}.Release|Any CPU.Build.0 = Release|Any CPU
		{32DD2A31-8FE4-4EAA-A150-D7A59430479B}.Debug|Any CPU.ActiveCfg = Debug|Any CPU
		{32DD2A31-8FE4-4EAA-A150-D7A59430479B}.Debug|Any CPU.Build.0 = Debug|Any CPU
		{32DD2A31-8FE4-4EAA-A150-D7A59430479B}.Release|Any CPU.ActiveCfg = Release|Any CPU
		{32DD2A31-8FE4-4EAA-A150-D7A59430479B}.Release|Any CPU.Build.0 = Release|Any CPU
		{FB825561-297F-4EF8-85AC-D2B1D715DD39}.Debug|Any CPU.ActiveCfg = Debug|Any CPU
		{FB825561-297F-4EF8-85AC-D2B1D715DD39}.Debug|Any CPU.Build.0 = Debug|Any CPU
		{FB825561-297F-4EF8-85AC-D2B1D715DD39}.Release|Any CPU.ActiveCfg = Release|Any CPU
		{FB825561-297F-4EF8-85AC-D2B1D715DD39}.Release|Any CPU.Build.0 = Release|Any CPU
		{51BE5566-B58F-41C3-8377-405C0E4AE056}.Debug|Any CPU.ActiveCfg = Debug|Any CPU
		{51BE5566-B58F-41C3-8377-405C0E4AE056}.Debug|Any CPU.Build.0 = Debug|Any CPU
		{51BE5566-B58F-41C3-8377-405C0E4AE056}.Release|Any CPU.ActiveCfg = Release|Any CPU
		{51BE5566-B58F-41C3-8377-405C0E4AE056}.Release|Any CPU.Build.0 = Release|Any CPU
		{147476DD-DAFC-4840-90F7-A730C2B2406C}.Debug|Any CPU.ActiveCfg = Debug|Any CPU
		{147476DD-DAFC-4840-90F7-A730C2B2406C}.Debug|Any CPU.Build.0 = Debug|Any CPU
		{147476DD-DAFC-4840-90F7-A730C2B2406C}.Release|Any CPU.ActiveCfg = Release|Any CPU
		{147476DD-DAFC-4840-90F7-A730C2B2406C}.Release|Any CPU.Build.0 = Release|Any CPU
		{19FE5EF0-D72B-4ECD-8E93-4C6C61C3B723}.Debug|Any CPU.ActiveCfg = Debug|Any CPU
		{19FE5EF0-D72B-4ECD-8E93-4C6C61C3B723}.Debug|Any CPU.Build.0 = Debug|Any CPU
		{19FE5EF0-D72B-4ECD-8E93-4C6C61C3B723}.Release|Any CPU.ActiveCfg = Release|Any CPU
		{19FE5EF0-D72B-4ECD-8E93-4C6C61C3B723}.Release|Any CPU.Build.0 = Release|Any CPU
		{3F6D271B-6F07-4508-9089-FFD4E76E49D0}.Debug|Any CPU.ActiveCfg = Debug|Any CPU
		{3F6D271B-6F07-4508-9089-FFD4E76E49D0}.Debug|Any CPU.Build.0 = Debug|Any CPU
		{3F6D271B-6F07-4508-9089-FFD4E76E49D0}.Release|Any CPU.ActiveCfg = Release|Any CPU
		{3F6D271B-6F07-4508-9089-FFD4E76E49D0}.Release|Any CPU.Build.0 = Release|Any CPU
		{5110938B-497C-4020-BDC9-06C4E1810714}.Debug|Any CPU.ActiveCfg = Debug|Any CPU
		{5110938B-497C-4020-BDC9-06C4E1810714}.Debug|Any CPU.Build.0 = Debug|Any CPU
		{5110938B-497C-4020-BDC9-06C4E1810714}.Release|Any CPU.ActiveCfg = Release|Any CPU
		{5110938B-497C-4020-BDC9-06C4E1810714}.Release|Any CPU.Build.0 = Release|Any CPU
	EndGlobalSection
	GlobalSection(NestedProjects) = preSolution
		{A283A1F1-55F5-475B-800D-10D177F12D87} = {E8A19087-9E70-406F-B592-885D857B5EB5}
		{418C5B7C-9075-415B-884E-F28DC48A1641} = {E8A19087-9E70-406F-B592-885D857B5EB5}
		{32DD2A31-8FE4-4EAA-A150-D7A59430479B} = {418C5B7C-9075-415B-884E-F28DC48A1641}
		{FB825561-297F-4EF8-85AC-D2B1D715DD39} = {418C5B7C-9075-415B-884E-F28DC48A1641}
		{51BE5566-B58F-41C3-8377-405C0E4AE056} = {418C5B7C-9075-415B-884E-F28DC48A1641}
		{E87D4107-349D-4871-9822-D7513F322B45} = {E8A19087-9E70-406F-B592-885D857B5EB5}
		{C8BCD188-E07B-4E67-A919-7B6117E8059F} = {E87D4107-349D-4871-9822-D7513F322B45}
		{147476DD-DAFC-4840-90F7-A730C2B2406C} = {C8BCD188-E07B-4E67-A919-7B6117E8059F}
		{19FE5EF0-D72B-4ECD-8E93-4C6C61C3B723} = {C8BCD188-E07B-4E67-A919-7B6117E8059F}
		{3F6D271B-6F07-4508-9089-FFD4E76E49D0} = {E8A19087-9E70-406F-B592-885D857B5EB5}
		{5110938B-497C-4020-BDC9-06C4E1810714} = {E8A19087-9E70-406F-B592-885D857B5EB5}
	EndGlobalSection
EndGlobal
